
Microsoft Visual Studio Solution File, Format Version 12.00
# Visual Studio Version 16
VisualStudioVersion = 16.0.31727.386
MinimumVisualStudioVersion = 10.0.40219.1
Project("{9A19103F-16F7-4668-BE54-9A1E7A4F7556}") = "01. Valid Usernames", "01. Valid Usernames\01. Valid Usernames.csproj", "{5FA76E34-89AF-478F-86EF-0BFB0EE14D7E}"
EndProject
Project("{9A19103F-16F7-4668-BE54-9A1E7A4F7556}") = "02. Character Multiplier", "02. Character Multiplier\02. Character Multiplier.csproj", "{3FE0AD0F-648E-4199-8371-A34BA82D8944}"
EndProject
Project("{9A19103F-16F7-4668-BE54-9A1E7A4F7556}") = "03. Extract File", "03. Extract File\03. Extract File.csproj", "{A5CC2603-B5CF-4A23-86CF-8B087AD12C79}"
EndProject
Project("{FAE04EC0-301F-11D3-BF4B-00C04F79EFBC}") = "04. Caesar Cipher", "04. Caesar Cipher\04. Caesar Cipher.csproj", "{956D7815-A222-4186-80EB-A3B298ECE5D9}"
EndProject
Project("{FAE04EC0-301F-11D3-BF4B-00C04F79EFBC}") = "05. Multiply Big Number", "05. Multiply Big Number\05. Multiply Big Number.csproj", "{FBF0CFF5-7B29-47CD-A35A-69085CE041F2}"
EndProject
Global
	GlobalSection(SolutionConfigurationPlatforms) = preSolution
		Debug|Any CPU = Debug|Any CPU
		Release|Any CPU = Release|Any CPU
	EndGlobalSection
	GlobalSection(ProjectConfigurationPlatforms) = postSolution
		{5FA76E34-89AF-478F-86EF-0BFB0EE14D7E}.Debug|Any CPU.ActiveCfg = Debug|Any CPU
		{5FA76E34-89AF-478F-86EF-0BFB0EE14D7E}.Debug|Any CPU.Build.0 = Debug|Any CPU
		{5FA76E34-89AF-478F-86EF-0BFB0EE14D7E}.Release|Any CPU.ActiveCfg = Release|Any CPU
		{5FA76E34-89AF-478F-86EF-0BFB0EE14D7E}.Release|Any CPU.Build.0 = Release|Any CPU
		{3FE0AD0F-648E-4199-8371-A34BA82D8944}.Debug|Any CPU.ActiveCfg = Debug|Any CPU
		{3FE0AD0F-648E-4199-8371-A34BA82D8944}.Debug|Any CPU.Build.0 = Debug|Any CPU
		{3FE0AD0F-648E-4199-8371-A34BA82D8944}.Release|Any CPU.ActiveCfg = Release|Any CPU
		{3FE0AD0F-648E-4199-8371-A34BA82D8944}.Release|Any CPU.Build.0 = Release|Any CPU
		{A5CC2603-B5CF-4A23-86CF-8B087AD12C79}.Debug|Any CPU.ActiveCfg = Debug|Any CPU
		{A5CC2603-B5CF-4A23-86CF-8B087AD12C79}.Debug|Any CPU.Build.0 = Debug|Any CPU
		{A5CC2603-B5CF-4A23-86CF-8B087AD12C79}.Release|Any CPU.ActiveCfg = Release|Any CPU
		{A5CC2603-B5CF-4A23-86CF-8B087AD12C79}.Release|Any CPU.Build.0 = Release|Any CPU
		{956D7815-A222-4186-80EB-A3B298ECE5D9}.Debug|Any CPU.ActiveCfg = Debug|Any CPU
		{956D7815-A222-4186-80EB-A3B298ECE5D9}.Debug|Any CPU.Build.0 = Debug|Any CPU
		{956D7815-A222-4186-80EB-A3B298ECE5D9}.Release|Any CPU.ActiveCfg = Release|Any CPU
		{956D7815-A222-4186-80EB-A3B298ECE5D9}.Release|Any CPU.Build.0 = Release|Any CPU
		{FBF0CFF5-7B29-47CD-A35A-69085CE041F2}.Debug|Any CPU.ActiveCfg = Debug|Any CPU
		{FBF0CFF5-7B29-47CD-A35A-69085CE041F2}.Debug|Any CPU.Build.0 = Debug|Any CPU
		{FBF0CFF5-7B29-47CD-A35A-69085CE041F2}.Release|Any CPU.ActiveCfg = Release|Any CPU
		{FBF0CFF5-7B29-47CD-A35A-69085CE041F2}.Release|Any CPU.Build.0 = Release|Any CPU
	EndGlobalSection
	GlobalSection(SolutionProperties) = preSolution
		HideSolutionNode = FALSE
	EndGlobalSection
	GlobalSection(ExtensibilityGlobals) = postSolution
		SolutionGuid = {4C0B5FED-113E-4E41-A272-A2006E13EE70}
	EndGlobalSection
EndGlobal
