
Microsoft Visual Studio Solution File, Format Version 12.00
# Visual Studio Version 16
VisualStudioVersion = 16.0.31727.386
MinimumVisualStudioVersion = 10.0.40219.1
Project("{9A19103F-16F7-4668-BE54-9A1E7A4F7556}") = "Defining Classes - Lab", "Defining Classes - Lab\Defining Classes - Lab.csproj", "{AFFAD9EE-CD71-4637-AFFA-3B6A695966B9}"
EndProject
Project("{FAE04EC0-301F-11D3-BF4B-00C04F79EFBC}") = "CarManufacturer", "CarManufacturer\CarManufacturer.csproj", "{30C1D957-2C01-4137-8368-2F93E6631EC7}"
EndProject
Global
	GlobalSection(SolutionConfigurationPlatforms) = preSolution
		Debug|Any CPU = Debug|Any CPU
		Release|Any CPU = Release|Any CPU
	EndGlobalSection
	GlobalSection(ProjectConfigurationPlatforms) = postSolution
		{AFFAD9EE-CD71-4637-AFFA-3B6A695966B9}.Debug|Any CPU.ActiveCfg = Debug|Any CPU
		{AFFAD9EE-CD71-4637-AFFA-3B6A695966B9}.Debug|Any CPU.Build.0 = Debug|Any CPU
		{AFFAD9EE-CD71-4637-AFFA-3B6A695966B9}.Release|Any CPU.ActiveCfg = Release|Any CPU
		{AFFAD9EE-CD71-4637-AFFA-3B6A695966B9}.Release|Any CPU.Build.0 = Release|Any CPU
		{30C1D957-2C01-4137-8368-2F93E6631EC7}.Debug|Any CPU.ActiveCfg = Debug|Any CPU
		{30C1D957-2C01-4137-8368-2F93E6631EC7}.Debug|Any CPU.Build.0 = Debug|Any CPU
		{30C1D957-2C01-4137-8368-2F93E6631EC7}.Release|Any CPU.ActiveCfg = Release|Any CPU
		{30C1D957-2C01-4137-8368-2F93E6631EC7}.Release|Any CPU.Build.0 = Release|Any CPU
	EndGlobalSection
	GlobalSection(SolutionProperties) = preSolution
		HideSolutionNode = FALSE
	EndGlobalSection
	GlobalSection(ExtensibilityGlobals) = postSolution
		SolutionGuid = {87EAFFBA-26BB-453F-BF4D-2E22F0410B44}
	EndGlobalSection
EndGlobal
