
Microsoft Visual Studio Solution File, Format Version 12.00
# Visual Studio Version 16
VisualStudioVersion = 16.0.31727.386
MinimumVisualStudioVersion = 10.0.40219.1
Project("{9A19103F-16F7-4668-BE54-9A1E7A4F7556}") = "01. Furniture", "01. Furniture\01. Furniture.csproj", "{49BF5E83-CD33-4581-A5C2-4BC8E975C15C}"
EndProject
Project("{FAE04EC0-301F-11D3-BF4B-00C04F79EFBC}") = "02. Race", "02. Race\02. Race.csproj", "{62C42E3E-6600-4F31-AD83-3006A0E98152}"
EndProject
Global
	GlobalSection(SolutionConfigurationPlatforms) = preSolution
		Debug|Any CPU = Debug|Any CPU
		Release|Any CPU = Release|Any CPU
	EndGlobalSection
	GlobalSection(ProjectConfigurationPlatforms) = postSolution
		{49BF5E83-CD33-4581-A5C2-4BC8E975C15C}.Debug|Any CPU.ActiveCfg = Debug|Any CPU
		{49BF5E83-CD33-4581-A5C2-4BC8E975C15C}.Debug|Any CPU.Build.0 = Debug|Any CPU
		{49BF5E83-CD33-4581-A5C2-4BC8E975C15C}.Release|Any CPU.ActiveCfg = Release|Any CPU
		{49BF5E83-CD33-4581-A5C2-4BC8E975C15C}.Release|Any CPU.Build.0 = Release|Any CPU
		{62C42E3E-6600-4F31-AD83-3006A0E98152}.Debug|Any CPU.ActiveCfg = Debug|Any CPU
		{62C42E3E-6600-4F31-AD83-3006A0E98152}.Debug|Any CPU.Build.0 = Debug|Any CPU
		{62C42E3E-6600-4F31-AD83-3006A0E98152}.Release|Any CPU.ActiveCfg = Release|Any CPU
		{62C42E3E-6600-4F31-AD83-3006A0E98152}.Release|Any CPU.Build.0 = Release|Any CPU
	EndGlobalSection
	GlobalSection(SolutionProperties) = preSolution
		HideSolutionNode = FALSE
	EndGlobalSection
	GlobalSection(ExtensibilityGlobals) = postSolution
		SolutionGuid = {52C879FA-EF82-4C7F-83A7-1F740DE233BD}
	EndGlobalSection
EndGlobal
