
Microsoft Visual Studio Solution File, Format Version 12.00
# Visual Studio Version 17
VisualStudioVersion = 17.2.32602.215
MinimumVisualStudioVersion = 10.0.40219.1
Project("{9A19103F-16F7-4668-BE54-9A1E7A4F7556}") = "T02DatabaseFirst", "T02DatabaseFirst\T02DatabaseFirst.csproj", "{83D7BDE6-1D8E-490C-9ACB-8B9585FDA7A2}"
EndProject
Project("{9A19103F-16F7-4668-BE54-9A1E7A4F7556}") = "T03EmployeesFullInformation", "T03EmployeesFullInformation\T03EmployeesFullInformation.csproj", "{B3766A24-C402-41D2-87BC-3499D9E577C5}"
EndProject
Project("{9A19103F-16F7-4668-BE54-9A1E7A4F7556}") = "T04EmployeeswithSalaryOver50K", "T04EmployeeswithSalaryOver50K\T04EmployeeswithSalaryOver50K.csproj", "{88087051-9970-4AD7-A8FB-AED262878514}"
EndProject
Project("{9A19103F-16F7-4668-BE54-9A1E7A4F7556}") = "T05EmployeesfromResearchandDev", "T05EmployeesfromResearchandDev\T05EmployeesfromResearchandDev.csproj", "{ECB36523-4651-498E-9303-BF53F95D5F43}"
EndProject
Project("{9A19103F-16F7-4668-BE54-9A1E7A4F7556}") = "T06AddNewAddrAndUpdate", "T06AddNewAddrAndUpdate\T06AddNewAddrAndUpdate.csproj", "{953EE1A5-6896-489F-AC09-A35A0C20B1CE}"
EndProject
Project("{9A19103F-16F7-4668-BE54-9A1E7A4F7556}") = "T07EmployeesandProjects", "T07EmployeesandProjects\T07EmployeesandProjects.csproj", "{DC499A8F-585A-48EB-9730-96833B217F0B}"
EndProject
Project("{9A19103F-16F7-4668-BE54-9A1E7A4F7556}") = "T08AddressesbyTown", "T08AddressesbyTown\T08AddressesbyTown.csproj", "{AB583DE5-5172-4EB0-9305-83B0C77FF64F}"
EndProject
Project("{FAE04EC0-301F-11D3-BF4B-00C04F79EFBC}") = "T09Employee147", "T09Employee147\T09Employee147.csproj", "{39905A00-42F8-406D-92FD-A9C9206D0907}"
EndProject
Project("{FAE04EC0-301F-11D3-BF4B-00C04F79EFBC}") = "T10DepartsMoreThan5Employees", "T10DepartsMoreThan5Employees\T10DepartsMoreThan5Employees.csproj", "{AA0017DB-4164-43D8-89DB-470939CA13B2}"
EndProject
Project("{FAE04EC0-301F-11D3-BF4B-00C04F79EFBC}") = "T11FindLatest10Projects", "T11FindLatest10Projects\T11FindLatest10Projects.csproj", "{BEAC345C-255F-47B0-9D10-658DCA8CE75E}"
EndProject
Global
	GlobalSection(SolutionConfigurationPlatforms) = preSolution
		Debug|Any CPU = Debug|Any CPU
		Release|Any CPU = Release|Any CPU
	EndGlobalSection
	GlobalSection(ProjectConfigurationPlatforms) = postSolution
		{83D7BDE6-1D8E-490C-9ACB-8B9585FDA7A2}.Debug|Any CPU.ActiveCfg = Debug|Any CPU
		{83D7BDE6-1D8E-490C-9ACB-8B9585FDA7A2}.Debug|Any CPU.Build.0 = Debug|Any CPU
		{83D7BDE6-1D8E-490C-9ACB-8B9585FDA7A2}.Release|Any CPU.ActiveCfg = Release|Any CPU
		{83D7BDE6-1D8E-490C-9ACB-8B9585FDA7A2}.Release|Any CPU.Build.0 = Release|Any CPU
		{B3766A24-C402-41D2-87BC-3499D9E577C5}.Debug|Any CPU.ActiveCfg = Debug|Any CPU
		{B3766A24-C402-41D2-87BC-3499D9E577C5}.Debug|Any CPU.Build.0 = Debug|Any CPU
		{B3766A24-C402-41D2-87BC-3499D9E577C5}.Release|Any CPU.ActiveCfg = Release|Any CPU
		{B3766A24-C402-41D2-87BC-3499D9E577C5}.Release|Any CPU.Build.0 = Release|Any CPU
		{88087051-9970-4AD7-A8FB-AED262878514}.Debug|Any CPU.ActiveCfg = Debug|Any CPU
		{88087051-9970-4AD7-A8FB-AED262878514}.Debug|Any CPU.Build.0 = Debug|Any CPU
		{88087051-9970-4AD7-A8FB-AED262878514}.Release|Any CPU.ActiveCfg = Release|Any CPU
		{88087051-9970-4AD7-A8FB-AED262878514}.Release|Any CPU.Build.0 = Release|Any CPU
		{ECB36523-4651-498E-9303-BF53F95D5F43}.Debug|Any CPU.ActiveCfg = Debug|Any CPU
		{ECB36523-4651-498E-9303-BF53F95D5F43}.Debug|Any CPU.Build.0 = Debug|Any CPU
		{ECB36523-4651-498E-9303-BF53F95D5F43}.Release|Any CPU.ActiveCfg = Release|Any CPU
		{ECB36523-4651-498E-9303-BF53F95D5F43}.Release|Any CPU.Build.0 = Release|Any CPU
		{953EE1A5-6896-489F-AC09-A35A0C20B1CE}.Debug|Any CPU.ActiveCfg = Debug|Any CPU
		{953EE1A5-6896-489F-AC09-A35A0C20B1CE}.Debug|Any CPU.Build.0 = Debug|Any CPU
		{953EE1A5-6896-489F-AC09-A35A0C20B1CE}.Release|Any CPU.ActiveCfg = Release|Any CPU
		{953EE1A5-6896-489F-AC09-A35A0C20B1CE}.Release|Any CPU.Build.0 = Release|Any CPU
		{DC499A8F-585A-48EB-9730-96833B217F0B}.Debug|Any CPU.ActiveCfg = Debug|Any CPU
		{DC499A8F-585A-48EB-9730-96833B217F0B}.Debug|Any CPU.Build.0 = Debug|Any CPU
		{DC499A8F-585A-48EB-9730-96833B217F0B}.Release|Any CPU.ActiveCfg = Release|Any CPU
		{DC499A8F-585A-48EB-9730-96833B217F0B}.Release|Any CPU.Build.0 = Release|Any CPU
		{AB583DE5-5172-4EB0-9305-83B0C77FF64F}.Debug|Any CPU.ActiveCfg = Debug|Any CPU
		{AB583DE5-5172-4EB0-9305-83B0C77FF64F}.Debug|Any CPU.Build.0 = Debug|Any CPU
		{AB583DE5-5172-4EB0-9305-83B0C77FF64F}.Release|Any CPU.ActiveCfg = Release|Any CPU
		{AB583DE5-5172-4EB0-9305-83B0C77FF64F}.Release|Any CPU.Build.0 = Release|Any CPU
		{39905A00-42F8-406D-92FD-A9C9206D0907}.Debug|Any CPU.ActiveCfg = Debug|Any CPU
		{39905A00-42F8-406D-92FD-A9C9206D0907}.Debug|Any CPU.Build.0 = Debug|Any CPU
		{39905A00-42F8-406D-92FD-A9C9206D0907}.Release|Any CPU.ActiveCfg = Release|Any CPU
		{39905A00-42F8-406D-92FD-A9C9206D0907}.Release|Any CPU.Build.0 = Release|Any CPU
		{AA0017DB-4164-43D8-89DB-470939CA13B2}.Debug|Any CPU.ActiveCfg = Debug|Any CPU
		{AA0017DB-4164-43D8-89DB-470939CA13B2}.Debug|Any CPU.Build.0 = Debug|Any CPU
		{AA0017DB-4164-43D8-89DB-470939CA13B2}.Release|Any CPU.ActiveCfg = Release|Any CPU
		{AA0017DB-4164-43D8-89DB-470939CA13B2}.Release|Any CPU.Build.0 = Release|Any CPU
		{BEAC345C-255F-47B0-9D10-658DCA8CE75E}.Debug|Any CPU.ActiveCfg = Debug|Any CPU
		{BEAC345C-255F-47B0-9D10-658DCA8CE75E}.Debug|Any CPU.Build.0 = Debug|Any CPU
		{BEAC345C-255F-47B0-9D10-658DCA8CE75E}.Release|Any CPU.ActiveCfg = Release|Any CPU
		{BEAC345C-255F-47B0-9D10-658DCA8CE75E}.Release|Any CPU.Build.0 = Release|Any CPU
	EndGlobalSection
	GlobalSection(SolutionProperties) = preSolution
		HideSolutionNode = FALSE
	EndGlobalSection
	GlobalSection(ExtensibilityGlobals) = postSolution
		SolutionGuid = {96ED115A-2808-4BD8-8BC0-B639EE42843E}
	EndGlobalSection
EndGlobal
