
Microsoft Visual Studio Solution File, Format Version 12.00
# Visual Studio Version 17
VisualStudioVersion = 17.2.32602.215
MinimumVisualStudioVersion = 10.0.40219.1
Project("{FAE04EC0-301F-11D3-BF4B-00C04F79EFBC}") = "T02DatabaseFirst", "T02DatabaseFirst\T02DatabaseFirst.csproj", "{83D7BDE6-1D8E-490C-9ACB-8B9585FDA7A2}"
EndProject
Global
	GlobalSection(SolutionConfigurationPlatforms) = preSolution
		Debug|Any CPU = Debug|Any CPU
		Release|Any CPU = Release|Any CPU
	EndGlobalSection
	GlobalSection(ProjectConfigurationPlatforms) = postSolution
		{83D7BDE6-1D8E-490C-9ACB-8B9585FDA7A2}.Debug|Any CPU.ActiveCfg = Debug|Any CPU
		{83D7BDE6-1D8E-490C-9ACB-8B9585FDA7A2}.Debug|Any CPU.Build.0 = Debug|Any CPU
		{83D7BDE6-1D8E-490C-9ACB-8B9585FDA7A2}.Release|Any CPU.ActiveCfg = Release|Any CPU
		{83D7BDE6-1D8E-490C-9ACB-8B9585FDA7A2}.Release|Any CPU.Build.0 = Release|Any CPU
	EndGlobalSection
	GlobalSection(SolutionProperties) = preSolution
		HideSolutionNode = FALSE
	EndGlobalSection
	GlobalSection(ExtensibilityGlobals) = postSolution
		SolutionGuid = {96ED115A-2808-4BD8-8BC0-B639EE42843E}
	EndGlobalSection
EndGlobal
