
Microsoft Visual Studio Solution File, Format Version 12.00
# Visual Studio Version 16
VisualStudioVersion = 16.0.31727.386
MinimumVisualStudioVersion = 10.0.40219.1
Project("{9A19103F-16F7-4668-BE54-9A1E7A4F7556}") = "02.Animal Farm", "AnimalFarm\02.Animal Farm.csproj", "{9F3A2AD9-BD29-4728-B2DE-DF94C86E5B2B}"
EndProject
Project("{9A19103F-16F7-4668-BE54-9A1E7A4F7556}") = "01.ClassBoxData", "01.ClassBoxData\01.ClassBoxData.csproj", "{27EEDFC7-F199-4708-8761-4844B942D0F8}"
EndProject
Project("{9A19103F-16F7-4668-BE54-9A1E7A4F7556}") = "03.ShoppingSpree", "03.ShoppingSpree\03.ShoppingSpree.csproj", "{96700FA5-F92D-4E56-A364-4C0CF3AACA47}"
EndProject
Project("{FAE04EC0-301F-11D3-BF4B-00C04F79EFBC}") = "04.PizzaCalories", "04.PizzaCalories\04.PizzaCalories.csproj", "{3B1D23FF-9775-41EB-9268-057D40C6B861}"
EndProject
Global
	GlobalSection(SolutionConfigurationPlatforms) = preSolution
		Debug|Any CPU = Debug|Any CPU
		Release|Any CPU = Release|Any CPU
	EndGlobalSection
	GlobalSection(ProjectConfigurationPlatforms) = postSolution
		{9F3A2AD9-BD29-4728-B2DE-DF94C86E5B2B}.Debug|Any CPU.ActiveCfg = Debug|Any CPU
		{9F3A2AD9-BD29-4728-B2DE-DF94C86E5B2B}.Debug|Any CPU.Build.0 = Debug|Any CPU
		{9F3A2AD9-BD29-4728-B2DE-DF94C86E5B2B}.Release|Any CPU.ActiveCfg = Release|Any CPU
		{9F3A2AD9-BD29-4728-B2DE-DF94C86E5B2B}.Release|Any CPU.Build.0 = Release|Any CPU
		{27EEDFC7-F199-4708-8761-4844B942D0F8}.Debug|Any CPU.ActiveCfg = Debug|Any CPU
		{27EEDFC7-F199-4708-8761-4844B942D0F8}.Debug|Any CPU.Build.0 = Debug|Any CPU
		{27EEDFC7-F199-4708-8761-4844B942D0F8}.Release|Any CPU.ActiveCfg = Release|Any CPU
		{27EEDFC7-F199-4708-8761-4844B942D0F8}.Release|Any CPU.Build.0 = Release|Any CPU
		{96700FA5-F92D-4E56-A364-4C0CF3AACA47}.Debug|Any CPU.ActiveCfg = Debug|Any CPU
		{96700FA5-F92D-4E56-A364-4C0CF3AACA47}.Debug|Any CPU.Build.0 = Debug|Any CPU
		{96700FA5-F92D-4E56-A364-4C0CF3AACA47}.Release|Any CPU.ActiveCfg = Release|Any CPU
		{96700FA5-F92D-4E56-A364-4C0CF3AACA47}.Release|Any CPU.Build.0 = Release|Any CPU
		{3B1D23FF-9775-41EB-9268-057D40C6B861}.Debug|Any CPU.ActiveCfg = Debug|Any CPU
		{3B1D23FF-9775-41EB-9268-057D40C6B861}.Debug|Any CPU.Build.0 = Debug|Any CPU
		{3B1D23FF-9775-41EB-9268-057D40C6B861}.Release|Any CPU.ActiveCfg = Release|Any CPU
		{3B1D23FF-9775-41EB-9268-057D40C6B861}.Release|Any CPU.Build.0 = Release|Any CPU
	EndGlobalSection
	GlobalSection(SolutionProperties) = preSolution
		HideSolutionNode = FALSE
	EndGlobalSection
	GlobalSection(ExtensibilityGlobals) = postSolution
		SolutionGuid = {16C6B5F8-9855-4B2E-9C91-D9E4C8A8FC04}
	EndGlobalSection
EndGlobal
