
Microsoft Visual Studio Solution File, Format Version 12.00
# Visual Studio Version 17
VisualStudioVersion = 17.2.32602.215
MinimumVisualStudioVersion = 10.0.40219.1
Project("{FAE04EC0-301F-11D3-BF4B-00C04F79EFBC}") = "P03_FootballBetting", "P03_FootballBetting\P03_FootballBetting.csproj", "{325B18F7-A646-443F-BE84-D022FA29A667}"
EndProject
Project("{FAE04EC0-301F-11D3-BF4B-00C04F79EFBC}") = "P03_FootballBetting.Data", "P03_FootballBetting.Data\P03_FootballBetting.Data.csproj", "{07941472-FE1B-47FB-89D1-BD7EA572F0B5}"
EndProject
Project("{FAE04EC0-301F-11D3-BF4B-00C04F79EFBC}") = "P03_FootballBetting.Data.Models", "P03_FootballBetting.Data.Models\P03_FootballBetting.Data.Models.csproj", "{6498EB2F-2803-4C57-A030-427E0BD277A4}"
EndProject
Project("{FAE04EC0-301F-11D3-BF4B-00C04F79EFBC}") = "P03_FootballBetting.Data.Common", "P03_FootballBetting.Data.Common\P03_FootballBetting.Data.Common.csproj", "{AE8555F1-9A9F-4842-88E4-2F4F35A34436}"
EndProject
Global
	GlobalSection(SolutionConfigurationPlatforms) = preSolution
		Debug|Any CPU = Debug|Any CPU
		Release|Any CPU = Release|Any CPU
	EndGlobalSection
	GlobalSection(ProjectConfigurationPlatforms) = postSolution
		{325B18F7-A646-443F-BE84-D022FA29A667}.Debug|Any CPU.ActiveCfg = Debug|Any CPU
		{325B18F7-A646-443F-BE84-D022FA29A667}.Debug|Any CPU.Build.0 = Debug|Any CPU
		{325B18F7-A646-443F-BE84-D022FA29A667}.Release|Any CPU.ActiveCfg = Release|Any CPU
		{325B18F7-A646-443F-BE84-D022FA29A667}.Release|Any CPU.Build.0 = Release|Any CPU
		{07941472-FE1B-47FB-89D1-BD7EA572F0B5}.Debug|Any CPU.ActiveCfg = Debug|Any CPU
		{07941472-FE1B-47FB-89D1-BD7EA572F0B5}.Debug|Any CPU.Build.0 = Debug|Any CPU
		{07941472-FE1B-47FB-89D1-BD7EA572F0B5}.Release|Any CPU.ActiveCfg = Release|Any CPU
		{07941472-FE1B-47FB-89D1-BD7EA572F0B5}.Release|Any CPU.Build.0 = Release|Any CPU
		{6498EB2F-2803-4C57-A030-427E0BD277A4}.Debug|Any CPU.ActiveCfg = Debug|Any CPU
		{6498EB2F-2803-4C57-A030-427E0BD277A4}.Debug|Any CPU.Build.0 = Debug|Any CPU
		{6498EB2F-2803-4C57-A030-427E0BD277A4}.Release|Any CPU.ActiveCfg = Release|Any CPU
		{6498EB2F-2803-4C57-A030-427E0BD277A4}.Release|Any CPU.Build.0 = Release|Any CPU
		{AE8555F1-9A9F-4842-88E4-2F4F35A34436}.Debug|Any CPU.ActiveCfg = Debug|Any CPU
		{AE8555F1-9A9F-4842-88E4-2F4F35A34436}.Debug|Any CPU.Build.0 = Debug|Any CPU
		{AE8555F1-9A9F-4842-88E4-2F4F35A34436}.Release|Any CPU.ActiveCfg = Release|Any CPU
		{AE8555F1-9A9F-4842-88E4-2F4F35A34436}.Release|Any CPU.Build.0 = Release|Any CPU
	EndGlobalSection
	GlobalSection(SolutionProperties) = preSolution
		HideSolutionNode = FALSE
	EndGlobalSection
	GlobalSection(ExtensibilityGlobals) = postSolution
		SolutionGuid = {A59FCD53-9860-425C-B635-8492B72CD17B}
	EndGlobalSection
EndGlobal
