
Microsoft Visual Studio Solution File, Format Version 12.00
# Visual Studio Version 16
VisualStudioVersion = 16.0.31727.386
MinimumVisualStudioVersion = 10.0.40219.1
Project("{FAE04EC0-301F-11D3-BF4B-00C04F79EFBC}") = "Generics-Lab", "Generics-Lab\Generics-Lab.csproj", "{9A44A6D4-B25D-4E12-B11B-A6E96111CF50}"
EndProject
Project("{FAE04EC0-301F-11D3-BF4B-00C04F79EFBC}") = "BoxOfT", "01.Box\BoxOfT.csproj", "{572C79AB-764E-409B-9EB9-8E5468B850CF}"
EndProject
Project("{FAE04EC0-301F-11D3-BF4B-00C04F79EFBC}") = "GenericArrayCreator", "02.ArrayCreator\GenericArrayCreator.csproj", "{8F9DB286-B31A-46C3-ADED-5FA3FE5273A0}"
EndProject
Project("{FAE04EC0-301F-11D3-BF4B-00C04F79EFBC}") = "GenericScale", "03.GenericScale\GenericScale.csproj", "{882BC882-C55B-450F-B205-4621CD21C9D7}"
EndProject
Global
	GlobalSection(SolutionConfigurationPlatforms) = preSolution
		Debug|Any CPU = Debug|Any CPU
		Release|Any CPU = Release|Any CPU
	EndGlobalSection
	GlobalSection(ProjectConfigurationPlatforms) = postSolution
		{9A44A6D4-B25D-4E12-B11B-A6E96111CF50}.Debug|Any CPU.ActiveCfg = Debug|Any CPU
		{9A44A6D4-B25D-4E12-B11B-A6E96111CF50}.Debug|Any CPU.Build.0 = Debug|Any CPU
		{9A44A6D4-B25D-4E12-B11B-A6E96111CF50}.Release|Any CPU.ActiveCfg = Release|Any CPU
		{9A44A6D4-B25D-4E12-B11B-A6E96111CF50}.Release|Any CPU.Build.0 = Release|Any CPU
		{572C79AB-764E-409B-9EB9-8E5468B850CF}.Debug|Any CPU.ActiveCfg = Debug|Any CPU
		{572C79AB-764E-409B-9EB9-8E5468B850CF}.Debug|Any CPU.Build.0 = Debug|Any CPU
		{572C79AB-764E-409B-9EB9-8E5468B850CF}.Release|Any CPU.ActiveCfg = Release|Any CPU
		{572C79AB-764E-409B-9EB9-8E5468B850CF}.Release|Any CPU.Build.0 = Release|Any CPU
		{8F9DB286-B31A-46C3-ADED-5FA3FE5273A0}.Debug|Any CPU.ActiveCfg = Debug|Any CPU
		{8F9DB286-B31A-46C3-ADED-5FA3FE5273A0}.Debug|Any CPU.Build.0 = Debug|Any CPU
		{8F9DB286-B31A-46C3-ADED-5FA3FE5273A0}.Release|Any CPU.ActiveCfg = Release|Any CPU
		{8F9DB286-B31A-46C3-ADED-5FA3FE5273A0}.Release|Any CPU.Build.0 = Release|Any CPU
		{882BC882-C55B-450F-B205-4621CD21C9D7}.Debug|Any CPU.ActiveCfg = Debug|Any CPU
		{882BC882-C55B-450F-B205-4621CD21C9D7}.Debug|Any CPU.Build.0 = Debug|Any CPU
		{882BC882-C55B-450F-B205-4621CD21C9D7}.Release|Any CPU.ActiveCfg = Release|Any CPU
		{882BC882-C55B-450F-B205-4621CD21C9D7}.Release|Any CPU.Build.0 = Release|Any CPU
	EndGlobalSection
	GlobalSection(SolutionProperties) = preSolution
		HideSolutionNode = FALSE
	EndGlobalSection
	GlobalSection(ExtensibilityGlobals) = postSolution
		SolutionGuid = {4E86EACD-00E4-4D2C-BE8E-09C0442581F7}
	EndGlobalSection
EndGlobal
