
Microsoft Visual Studio Solution File, Format Version 12.00
# Visual Studio Version 16
VisualStudioVersion = 16.0.31727.386
MinimumVisualStudioVersion = 10.0.40219.1
Project("{FAE04EC0-301F-11D3-BF4B-00C04F79EFBC}") = "Sets and Dictionaries Advanced - Exercise", "Sets and Dictionaries Advanced - Exercise\Sets and Dictionaries Advanced - Exercise.csproj", "{5A228595-ADCB-4A4A-80B4-015187500294}"
EndProject
Project("{FAE04EC0-301F-11D3-BF4B-00C04F79EFBC}") = "01. Unique Usernames", "01. Unique Usernames\01. Unique Usernames.csproj", "{5929E853-98BA-447B-A611-13F9A22E3C6F}"
EndProject
Project("{FAE04EC0-301F-11D3-BF4B-00C04F79EFBC}") = "02. Sets of Elements", "02. Sets of Elements\02. Sets of Elements.csproj", "{23E96919-3D56-4C95-9832-94095C41929C}"
EndProject
Project("{FAE04EC0-301F-11D3-BF4B-00C04F79EFBC}") = "03. Periodic Table", "03. Periodic Table\03. Periodic Table.csproj", "{70AA7FA8-273B-4D61-A953-958FF46D9AB2}"
EndProject
Project("{FAE04EC0-301F-11D3-BF4B-00C04F79EFBC}") = "04. Even Times", "04. Even Times\04. Even Times.csproj", "{DC4B0642-CDF3-4B2D-B51A-1AEAE6F7899C}"
EndProject
Project("{FAE04EC0-301F-11D3-BF4B-00C04F79EFBC}") = "05. Count Symbols", "05. Count Symbols\05. Count Symbols.csproj", "{660B801F-9435-4A11-A4C7-70ADA77395FC}"
EndProject
Project("{FAE04EC0-301F-11D3-BF4B-00C04F79EFBC}") = "06. Wardrobe", "06. Wardrobe\06. Wardrobe.csproj", "{E1FC53A6-61F1-458F-9E5B-CFCF44C68627}"
EndProject
Global
	GlobalSection(SolutionConfigurationPlatforms) = preSolution
		Debug|Any CPU = Debug|Any CPU
		Release|Any CPU = Release|Any CPU
	EndGlobalSection
	GlobalSection(ProjectConfigurationPlatforms) = postSolution
		{5A228595-ADCB-4A4A-80B4-015187500294}.Debug|Any CPU.ActiveCfg = Debug|Any CPU
		{5A228595-ADCB-4A4A-80B4-015187500294}.Debug|Any CPU.Build.0 = Debug|Any CPU
		{5A228595-ADCB-4A4A-80B4-015187500294}.Release|Any CPU.ActiveCfg = Release|Any CPU
		{5A228595-ADCB-4A4A-80B4-015187500294}.Release|Any CPU.Build.0 = Release|Any CPU
		{5929E853-98BA-447B-A611-13F9A22E3C6F}.Debug|Any CPU.ActiveCfg = Debug|Any CPU
		{5929E853-98BA-447B-A611-13F9A22E3C6F}.Debug|Any CPU.Build.0 = Debug|Any CPU
		{5929E853-98BA-447B-A611-13F9A22E3C6F}.Release|Any CPU.ActiveCfg = Release|Any CPU
		{5929E853-98BA-447B-A611-13F9A22E3C6F}.Release|Any CPU.Build.0 = Release|Any CPU
		{23E96919-3D56-4C95-9832-94095C41929C}.Debug|Any CPU.ActiveCfg = Debug|Any CPU
		{23E96919-3D56-4C95-9832-94095C41929C}.Debug|Any CPU.Build.0 = Debug|Any CPU
		{23E96919-3D56-4C95-9832-94095C41929C}.Release|Any CPU.ActiveCfg = Release|Any CPU
		{23E96919-3D56-4C95-9832-94095C41929C}.Release|Any CPU.Build.0 = Release|Any CPU
		{70AA7FA8-273B-4D61-A953-958FF46D9AB2}.Debug|Any CPU.ActiveCfg = Debug|Any CPU
		{70AA7FA8-273B-4D61-A953-958FF46D9AB2}.Debug|Any CPU.Build.0 = Debug|Any CPU
		{70AA7FA8-273B-4D61-A953-958FF46D9AB2}.Release|Any CPU.ActiveCfg = Release|Any CPU
		{70AA7FA8-273B-4D61-A953-958FF46D9AB2}.Release|Any CPU.Build.0 = Release|Any CPU
		{DC4B0642-CDF3-4B2D-B51A-1AEAE6F7899C}.Debug|Any CPU.ActiveCfg = Debug|Any CPU
		{DC4B0642-CDF3-4B2D-B51A-1AEAE6F7899C}.Debug|Any CPU.Build.0 = Debug|Any CPU
		{DC4B0642-CDF3-4B2D-B51A-1AEAE6F7899C}.Release|Any CPU.ActiveCfg = Release|Any CPU
		{DC4B0642-CDF3-4B2D-B51A-1AEAE6F7899C}.Release|Any CPU.Build.0 = Release|Any CPU
		{660B801F-9435-4A11-A4C7-70ADA77395FC}.Debug|Any CPU.ActiveCfg = Debug|Any CPU
		{660B801F-9435-4A11-A4C7-70ADA77395FC}.Debug|Any CPU.Build.0 = Debug|Any CPU
		{660B801F-9435-4A11-A4C7-70ADA77395FC}.Release|Any CPU.ActiveCfg = Release|Any CPU
		{660B801F-9435-4A11-A4C7-70ADA77395FC}.Release|Any CPU.Build.0 = Release|Any CPU
		{E1FC53A6-61F1-458F-9E5B-CFCF44C68627}.Debug|Any CPU.ActiveCfg = Debug|Any CPU
		{E1FC53A6-61F1-458F-9E5B-CFCF44C68627}.Debug|Any CPU.Build.0 = Debug|Any CPU
		{E1FC53A6-61F1-458F-9E5B-CFCF44C68627}.Release|Any CPU.ActiveCfg = Release|Any CPU
		{E1FC53A6-61F1-458F-9E5B-CFCF44C68627}.Release|Any CPU.Build.0 = Release|Any CPU
	EndGlobalSection
	GlobalSection(SolutionProperties) = preSolution
		HideSolutionNode = FALSE
	EndGlobalSection
	GlobalSection(ExtensibilityGlobals) = postSolution
		SolutionGuid = {B7CFB3A2-914F-4999-8710-EB2F02F47D6B}
	EndGlobalSection
EndGlobal
