
Microsoft Visual Studio Solution File, Format Version 12.00
# Visual Studio Version 16
VisualStudioVersion = 16.0.31727.386
MinimumVisualStudioVersion = 10.0.40219.1
Project("{9A19103F-16F7-4668-BE54-9A1E7A4F7556}") = "01. Train", "01. Train\01. Train.csproj", "{693BFD3A-F797-4BE4-84AC-9B703B94B32A}"
EndProject
Project("{9A19103F-16F7-4668-BE54-9A1E7A4F7556}") = "02. Change List", "02. Change List\02. Change List.csproj", "{AD702895-70CC-4A9B-A925-E3887BD6141D}"
EndProject
Project("{9A19103F-16F7-4668-BE54-9A1E7A4F7556}") = "Testing", "Testing\Testing.csproj", "{91AAE837-C94D-4427-88C2-C779D8A137BB}"
EndProject
Project("{9A19103F-16F7-4668-BE54-9A1E7A4F7556}") = "03. House Party", "03. House Party\03. House Party.csproj", "{C1B6173E-2295-4ECE-BE82-C62A064EA476}"
EndProject
Project("{9A19103F-16F7-4668-BE54-9A1E7A4F7556}") = "06. Cards Game", "06. Cards Game\06. Cards Game.csproj", "{08566593-B4F9-4F0C-8939-85158BF8F26C}"
EndProject
Project("{9A19103F-16F7-4668-BE54-9A1E7A4F7556}") = "04. List Operations", "04. List Operations\04. List Operations.csproj", "{9E0B6E03-4B57-4F81-952E-512A6FC4E1FA}"
EndProject
Project("{9A19103F-16F7-4668-BE54-9A1E7A4F7556}") = "05. Bomb Numbers", "05. Bomb Numbers\05. Bomb Numbers.csproj", "{F75BF1DD-2F67-4A92-889B-8DFA34567EAF}"
EndProject
Project("{FAE04EC0-301F-11D3-BF4B-00C04F79EFBC}") = "07. Append Arrays", "07. Append Arrays\07. Append Arrays.csproj", "{B37A0639-BBC3-46F7-A4E8-66F0956A36D3}"
EndProject
Global
	GlobalSection(SolutionConfigurationPlatforms) = preSolution
		Debug|Any CPU = Debug|Any CPU
		Release|Any CPU = Release|Any CPU
	EndGlobalSection
	GlobalSection(ProjectConfigurationPlatforms) = postSolution
		{693BFD3A-F797-4BE4-84AC-9B703B94B32A}.Debug|Any CPU.ActiveCfg = Debug|Any CPU
		{693BFD3A-F797-4BE4-84AC-9B703B94B32A}.Debug|Any CPU.Build.0 = Debug|Any CPU
		{693BFD3A-F797-4BE4-84AC-9B703B94B32A}.Release|Any CPU.ActiveCfg = Release|Any CPU
		{693BFD3A-F797-4BE4-84AC-9B703B94B32A}.Release|Any CPU.Build.0 = Release|Any CPU
		{AD702895-70CC-4A9B-A925-E3887BD6141D}.Debug|Any CPU.ActiveCfg = Debug|Any CPU
		{AD702895-70CC-4A9B-A925-E3887BD6141D}.Debug|Any CPU.Build.0 = Debug|Any CPU
		{AD702895-70CC-4A9B-A925-E3887BD6141D}.Release|Any CPU.ActiveCfg = Release|Any CPU
		{AD702895-70CC-4A9B-A925-E3887BD6141D}.Release|Any CPU.Build.0 = Release|Any CPU
		{91AAE837-C94D-4427-88C2-C779D8A137BB}.Debug|Any CPU.ActiveCfg = Debug|Any CPU
		{91AAE837-C94D-4427-88C2-C779D8A137BB}.Debug|Any CPU.Build.0 = Debug|Any CPU
		{91AAE837-C94D-4427-88C2-C779D8A137BB}.Release|Any CPU.ActiveCfg = Release|Any CPU
		{91AAE837-C94D-4427-88C2-C779D8A137BB}.Release|Any CPU.Build.0 = Release|Any CPU
		{C1B6173E-2295-4ECE-BE82-C62A064EA476}.Debug|Any CPU.ActiveCfg = Debug|Any CPU
		{C1B6173E-2295-4ECE-BE82-C62A064EA476}.Debug|Any CPU.Build.0 = Debug|Any CPU
		{C1B6173E-2295-4ECE-BE82-C62A064EA476}.Release|Any CPU.ActiveCfg = Release|Any CPU
		{C1B6173E-2295-4ECE-BE82-C62A064EA476}.Release|Any CPU.Build.0 = Release|Any CPU
		{08566593-B4F9-4F0C-8939-85158BF8F26C}.Debug|Any CPU.ActiveCfg = Debug|Any CPU
		{08566593-B4F9-4F0C-8939-85158BF8F26C}.Debug|Any CPU.Build.0 = Debug|Any CPU
		{08566593-B4F9-4F0C-8939-85158BF8F26C}.Release|Any CPU.ActiveCfg = Release|Any CPU
		{08566593-B4F9-4F0C-8939-85158BF8F26C}.Release|Any CPU.Build.0 = Release|Any CPU
		{9E0B6E03-4B57-4F81-952E-512A6FC4E1FA}.Debug|Any CPU.ActiveCfg = Debug|Any CPU
		{9E0B6E03-4B57-4F81-952E-512A6FC4E1FA}.Debug|Any CPU.Build.0 = Debug|Any CPU
		{9E0B6E03-4B57-4F81-952E-512A6FC4E1FA}.Release|Any CPU.ActiveCfg = Release|Any CPU
		{9E0B6E03-4B57-4F81-952E-512A6FC4E1FA}.Release|Any CPU.Build.0 = Release|Any CPU
		{F75BF1DD-2F67-4A92-889B-8DFA34567EAF}.Debug|Any CPU.ActiveCfg = Debug|Any CPU
		{F75BF1DD-2F67-4A92-889B-8DFA34567EAF}.Debug|Any CPU.Build.0 = Debug|Any CPU
		{F75BF1DD-2F67-4A92-889B-8DFA34567EAF}.Release|Any CPU.ActiveCfg = Release|Any CPU
		{F75BF1DD-2F67-4A92-889B-8DFA34567EAF}.Release|Any CPU.Build.0 = Release|Any CPU
		{B37A0639-BBC3-46F7-A4E8-66F0956A36D3}.Debug|Any CPU.ActiveCfg = Debug|Any CPU
		{B37A0639-BBC3-46F7-A4E8-66F0956A36D3}.Debug|Any CPU.Build.0 = Debug|Any CPU
		{B37A0639-BBC3-46F7-A4E8-66F0956A36D3}.Release|Any CPU.ActiveCfg = Release|Any CPU
		{B37A0639-BBC3-46F7-A4E8-66F0956A36D3}.Release|Any CPU.Build.0 = Release|Any CPU
	EndGlobalSection
	GlobalSection(SolutionProperties) = preSolution
		HideSolutionNode = FALSE
	EndGlobalSection
	GlobalSection(ExtensibilityGlobals) = postSolution
		SolutionGuid = {1D0EA59F-DFE3-425F-9445-2F217E37A49A}
	EndGlobalSection
EndGlobal
